
Microsoft Visual Studio Solution File, Format Version 12.00
# Visual Studio Version 16
VisualStudioVersion = 16.0.31729.503
MinimumVisualStudioVersion = 10.0.40219.1
Project("{9A19103F-16F7-4668-BE54-9A1E7A4F7556}") = "Services", "Services\Services.csproj", "{5CF51AA5-A7FF-4D34-9EA0-06FC7BF7DAE5}"
EndProject
Project("{FAE04EC0-301F-11D3-BF4B-00C04F79EFBC}") = "FranchiseService", "FranchiseService\FranchiseService.csproj", "{BA2C1184-12D1-4043-AB66-110347385BE8}"
EndProject
Project("{FAE04EC0-301F-11D3-BF4B-00C04F79EFBC}") = "UnitTests", "UnitTests\UnitTests.csproj", "{C4BFC5AA-42CC-4EBD-A27D-B0D37E9E2351}"
EndProject
Global
	GlobalSection(SolutionConfigurationPlatforms) = preSolution
		Debug|Any CPU = Debug|Any CPU
		Release|Any CPU = Release|Any CPU
	EndGlobalSection
	GlobalSection(ProjectConfigurationPlatforms) = postSolution
		{5CF51AA5-A7FF-4D34-9EA0-06FC7BF7DAE5}.Debug|Any CPU.ActiveCfg = Debug|Any CPU
		{5CF51AA5-A7FF-4D34-9EA0-06FC7BF7DAE5}.Debug|Any CPU.Build.0 = Debug|Any CPU
		{5CF51AA5-A7FF-4D34-9EA0-06FC7BF7DAE5}.Release|Any CPU.ActiveCfg = Release|Any CPU
		{5CF51AA5-A7FF-4D34-9EA0-06FC7BF7DAE5}.Release|Any CPU.Build.0 = Release|Any CPU
		{BA2C1184-12D1-4043-AB66-110347385BE8}.Debug|Any CPU.ActiveCfg = Debug|Any CPU
		{BA2C1184-12D1-4043-AB66-110347385BE8}.Debug|Any CPU.Build.0 = Debug|Any CPU
		{BA2C1184-12D1-4043-AB66-110347385BE8}.Release|Any CPU.ActiveCfg = Release|Any CPU
		{BA2C1184-12D1-4043-AB66-110347385BE8}.Release|Any CPU.Build.0 = Release|Any CPU
		{C4BFC5AA-42CC-4EBD-A27D-B0D37E9E2351}.Debug|Any CPU.ActiveCfg = Debug|Any CPU
		{C4BFC5AA-42CC-4EBD-A27D-B0D37E9E2351}.Debug|Any CPU.Build.0 = Debug|Any CPU
		{C4BFC5AA-42CC-4EBD-A27D-B0D37E9E2351}.Release|Any CPU.ActiveCfg = Release|Any CPU
		{C4BFC5AA-42CC-4EBD-A27D-B0D37E9E2351}.Release|Any CPU.Build.0 = Release|Any CPU
	EndGlobalSection
	GlobalSection(SolutionProperties) = preSolution
		HideSolutionNode = FALSE
	EndGlobalSection
	GlobalSection(ExtensibilityGlobals) = postSolution
		SolutionGuid = {22E1289D-6517-4A60-ADE9-8B61D825467D}
	EndGlobalSection
EndGlobal
